
Microsoft Visual Studio Solution File, Format Version 12.00
Project("{FAE04EC0-301F-11D3-BF4B-00C04F79EFBC}") = "Utils", "Utils\Utils.csproj", "{384ADB99-49A5-465E-B1E6-4B98D6487F51}"
EndProject
Project("{FAE04EC0-301F-11D3-BF4B-00C04F79EFBC}") = "Utils.Test", "Utils.Test\Utils.Test.csproj", "{9DAE9F13-1460-437C-8470-82B69DAA12D9}"
EndProject
Global
	GlobalSection(SolutionConfigurationPlatforms) = preSolution
		Debug|Any CPU = Debug|Any CPU
		Release|Any CPU = Release|Any CPU
	EndGlobalSection
	GlobalSection(ProjectConfigurationPlatforms) = postSolution
		{384ADB99-49A5-465E-B1E6-4B98D6487F51}.Debug|Any CPU.ActiveCfg = Debug|Any CPU
		{384ADB99-49A5-465E-B1E6-4B98D6487F51}.Debug|Any CPU.Build.0 = Debug|Any CPU
		{384ADB99-49A5-465E-B1E6-4B98D6487F51}.Release|Any CPU.ActiveCfg = Release|Any CPU
		{384ADB99-49A5-465E-B1E6-4B98D6487F51}.Release|Any CPU.Build.0 = Release|Any CPU
		{9DAE9F13-1460-437C-8470-82B69DAA12D9}.Debug|Any CPU.ActiveCfg = Debug|Any CPU
		{9DAE9F13-1460-437C-8470-82B69DAA12D9}.Debug|Any CPU.Build.0 = Debug|Any CPU
		{9DAE9F13-1460-437C-8470-82B69DAA12D9}.Release|Any CPU.ActiveCfg = Release|Any CPU
		{9DAE9F13-1460-437C-8470-82B69DAA12D9}.Release|Any CPU.Build.0 = Release|Any CPU
	EndGlobalSection
EndGlobal
